
Microsoft Visual Studio Solution File, Format Version 12.00
# Visual Studio Version 17
VisualStudioVersion = 17.6.33815.320
MinimumVisualStudioVersion = 10.0.40219.1
Project("{FAE04EC0-301F-11D3-BF4B-00C04F79EFBC}") = "SocialNetwork", "SocialNetwork\SocialNetwork.csproj", "{D3A527D1-2DFA-460B-BA75-D35BB22B596D}"
EndProject
Global
	GlobalSection(SolutionConfigurationPlatforms) = preSolution
		Debug|Any CPU = Debug|Any CPU
		Release|Any CPU = Release|Any CPU
	EndGlobalSection
	GlobalSection(ProjectConfigurationPlatforms) = postSolution
		{D3A527D1-2DFA-460B-BA75-D35BB22B596D}.Debug|Any CPU.ActiveCfg = Debug|Any CPU
		{D3A527D1-2DFA-460B-BA75-D35BB22B596D}.Debug|Any CPU.Build.0 = Debug|Any CPU
		{D3A527D1-2DFA-460B-BA75-D35BB22B596D}.Release|Any CPU.ActiveCfg = Release|Any CPU
		{D3A527D1-2DFA-460B-BA75-D35BB22B596D}.Release|Any CPU.Build.0 = Release|Any CPU
	EndGlobalSection
	GlobalSection(SolutionProperties) = preSolution
		HideSolutionNode = FALSE
	EndGlobalSection
	GlobalSection(ExtensibilityGlobals) = postSolution
		SolutionGuid = {9AFB9CAD-F0A3-4BBE-A27D-A20071CC3189}
	EndGlobalSection
EndGlobal
